<?xml version="1.0" encoding="utf-8"?>
<Project ToolsVersion="4.0" xmlns="http://schemas.microsoft.com/developer/msbuild/2003">
  <ItemGroup>
    <Filter Include="Source Files">
      <UniqueIdentifier>{4FC737F1-C7A5-4376-A066-2A32D752A2FF}</UniqueIdentifier>
      <Extensions>cpp;c;cc;cxx;c++;cppm;ixx;def;odl;idl;hpj;bat;asm;asmx</Extensions>
    </Filter>
    <Filter Include="Header Files">
      <UniqueIdentifier>{93995380-89BD-4b04-88EB-625FBE52EBFB}</UniqueIdentifier>
      <Extensions>h;hh;hpp;hxx;h++;hm;inl;inc;ipp;xsd</Extensions>
    </Filter>
    <Filter Include="Source Files\services">
      <UniqueIdentifier>{9397df22-1561-4fcb-8bd7-af08069081d0}</UniqueIdentifier>
    </Filter>
    <Filter Include="Source Files\user">
      <UniqueIdentifier>{aedd8186-4225-42f3-9072-2309cb1f6bf8}</UniqueIdentifier>
    </Filter>
    <Filter Include="Source Files\database">
      <UniqueIdentifier>{6cded1f2-e904-422c-9a17-f747bc3e9f86}</UniqueIdentifier>
    </Filter>
    <Filter Include="Header Files\common">
      <UniqueIdentifier>{ab9953b7-5a29-4eb8-82f6-ce49d357c22d}</UniqueIdentifier>
    </Filter>
    <Filter Include="Header Files\user">
      <UniqueIdentifier>{9b32c2c8-b9a5-4715-985b-4965930c8f97}</UniqueIdentifier>
    </Filter>
    <Filter Include="Header Files\user\buyer">
      <UniqueIdentifier>{4ff6df26-649f-451d-a90b-0bdcc77dce42}</UniqueIdentifier>
    </Filter>
    <Filter Include="Header Files\user\seller">
      <UniqueIdentifier>{c32d8fad-6d34-44c9-a4dc-2c5a1ef336a6}</UniqueIdentifier>
    </Filter>
    <Filter Include="Header Files\user\admin">
      <UniqueIdentifier>{b5e349b5-950c-4cbf-909d-19da977cb643}</UniqueIdentifier>
    </Filter>
    <Filter Include="Source Files\storefront">
      <UniqueIdentifier>{94ae639b-8f29-4fad-88b3-713fc3a29ffb}</UniqueIdentifier>
    </Filter>
    <Filter Include="Header Files\storefront">
      <UniqueIdentifier>{34baa00b-29a5-4308-80e5-1ddf08145df0}</UniqueIdentifier>
    </Filter>
    <Filter Include="Header Files\storefront\vehicle">
      <UniqueIdentifier>{5f8dc09c-8b5d-4113-a382-7b289749f1d8}</UniqueIdentifier>
    </Filter>
    <Filter Include="Header Files\storefront\ad">
      <UniqueIdentifier>{2a7de0aa-4dd8-4448-ba50-7cd6f447f665}</UniqueIdentifier>
    </Filter>
  </ItemGroup>
  <ItemGroup>
    <ClCompile Include="u_user_service.cpp">
      <Filter>Source Files\services</Filter>
    </ClCompile>
    <ClCompile Include="user_c.cpp">
      <Filter>Source Files\user</Filter>
    </ClCompile>
    <ClCompile Include="main.cpp">
      <Filter>Source Files</Filter>
    </ClCompile>
    <ClCompile Include="connection.cpp">
      <Filter>Source Files\database</Filter>
    </ClCompile>
    <ClCompile Include="buyer_c.cpp">
      <Filter>Source Files\user</Filter>
    </ClCompile>
    <ClCompile Include="u_buyer_service.cpp">
      <Filter>Source Files\services</Filter>
    </ClCompile>
    <ClCompile Include="seller_c.cpp">
      <Filter>Source Files\user</Filter>
    </ClCompile>
    <ClCompile Include="u_seller_service.cpp">
      <Filter>Source Files\services</Filter>
    </ClCompile>
    <ClCompile Include="u_admin_service.cpp">
      <Filter>Source Files\services</Filter>
    </ClCompile>
    <ClCompile Include="v_vehicle.cpp">
      <Filter>Source Files\storefront</Filter>
    </ClCompile>
    <ClCompile Include="v_vehicle_service.cpp">
      <Filter>Source Files\storefront</Filter>
    </ClCompile>
    <ClCompile Include="s_ad.cpp">
      <Filter>Source Files\storefront</Filter>
    </ClCompile>
    <ClCompile Include="s_ad_service.cpp">
      <Filter>Source Files\storefront</Filter>
    </ClCompile>
  </ItemGroup>
  <ItemGroup>
    <ClInclude Include="c_common.h">
      <Filter>Header Files\common</Filter>
    </ClInclude>
    <ClInclude Include="connection.h">
      <Filter>Header Files\common</Filter>
    </ClInclude>
    <ClInclude Include="d_database_common.h">
      <Filter>Header Files\common</Filter>
    </ClInclude>
    <ClInclude Include="u_user.h">
      <Filter>Header Files\user</Filter>
    </ClInclude>
    <ClInclude Include="u_user_service.h">
      <Filter>Header Files\user</Filter>
    </ClInclude>
    <ClInclude Include="u_buyer.h">
      <Filter>Header Files\user\buyer</Filter>
    </ClInclude>
    <ClInclude Include="u_buyer_service.h">
      <Filter>Header Files\user\buyer</Filter>
    </ClInclude>
    <ClInclude Include="u_seller.h">
      <Filter>Header Files\user\seller</Filter>
    </ClInclude>
    <ClInclude Include="u_seller_service.h">
      <Filter>Header Files\user\seller</Filter>
    </ClInclude>
    <ClInclude Include="u_admin_service.h">
      <Filter>Header Files\user\admin</Filter>
    </ClInclude>
    <ClInclude Include="v_vehicle.h">
      <Filter>Header Files\storefront\vehicle</Filter>
    </ClInclude>
    <ClInclude Include="v_vehicle_service.h">
      <Filter>Header Files\storefront\vehicle</Filter>
    </ClInclude>
    <ClInclude Include="s_ad.h">
      <Filter>Header Files\storefront\ad</Filter>
    </ClInclude>
    <ClInclude Include="s_ad_service.h">
      <Filter>Header Files\storefront\ad</Filter>
    </ClInclude>
  </ItemGroup>
</Project>